%{"bunt": {:hex, :bunt, "0.1.4"},
  "credo": {:hex, :credo, "0.3.1"},
  "dogma": {:hex, :dogma, "0.1.0"},
  "erlport": {:git, "https://github.com/hdima/erlport.git", "4041c0810f798cba9fa528ebca90556f0ae50645", [tag: "v0.7"]},
  "poison": {:hex, :poison, "1.5.2"},
  "porcelain": {:hex, :porcelain, "2.0.1"}}
